
Microsoft Visual Studio Solution File, Format Version 12.00
# Visual Studio Version 17
VisualStudioVersion = 17.9.34728.123
MinimumVisualStudioVersion = 10.0.40219.1
Project("{FAE04EC0-301F-11D3-BF4B-00C04F79EFBC}") = "SignalRApi", "SignalRApi\SignalRApi.csproj", "{78882CC9-31AD-4E5B-A93A-1395859C5372}"
EndProject
Project("{FAE04EC0-301F-11D3-BF4B-00C04F79EFBC}") = "SignalRWebUI", "SignalRWebUI\SignalRWebUI.csproj", "{F7E31D5C-B611-4CC9-B03D-717CEB3683B6}"
EndProject
Global
	GlobalSection(SolutionConfigurationPlatforms) = preSolution
		Debug|Any CPU = Debug|Any CPU
		Release|Any CPU = Release|Any CPU
	EndGlobalSection
	GlobalSection(ProjectConfigurationPlatforms) = postSolution
		{78882CC9-31AD-4E5B-A93A-1395859C5372}.Debug|Any CPU.ActiveCfg = Debug|Any CPU
		{78882CC9-31AD-4E5B-A93A-1395859C5372}.Debug|Any CPU.Build.0 = Debug|Any CPU
		{78882CC9-31AD-4E5B-A93A-1395859C5372}.Release|Any CPU.ActiveCfg = Release|Any CPU
		{78882CC9-31AD-4E5B-A93A-1395859C5372}.Release|Any CPU.Build.0 = Release|Any CPU
		{F7E31D5C-B611-4CC9-B03D-717CEB3683B6}.Debug|Any CPU.ActiveCfg = Debug|Any CPU
		{F7E31D5C-B611-4CC9-B03D-717CEB3683B6}.Debug|Any CPU.Build.0 = Debug|Any CPU
		{F7E31D5C-B611-4CC9-B03D-717CEB3683B6}.Release|Any CPU.ActiveCfg = Release|Any CPU
		{F7E31D5C-B611-4CC9-B03D-717CEB3683B6}.Release|Any CPU.Build.0 = Release|Any CPU
	EndGlobalSection
	GlobalSection(SolutionProperties) = preSolution
		HideSolutionNode = FALSE
	EndGlobalSection
	GlobalSection(ExtensibilityGlobals) = postSolution
		SolutionGuid = {01C9033F-5FDC-45AF-9B81-F7F49212ED20}
	EndGlobalSection
EndGlobal
